{
  "originHash" : "f2782cb2c71b72fe4220f26b8d61dff45c81758f6c20b9da0fb9f7f6e5e3c60e",
  "pins" : [
    {
      "identity" : "opencombine",
      "kind" : "remoteSourceControl",
      "location" : "https://github.com/OpenCombine/OpenCombine.git",
      "state" : {
        "revision" : "8576f0d579b27020beccbccc3ea6844f3ddfc2c2",
        "version" : "0.14.0"
      }
    },
    {
      "identity" : "qlift",
      "kind" : "remoteSourceControl",
      "location" : "https://github.com/Longhanks/qlift",
      "state" : {
        "revision" : "ddab1f1ecc113ad4f8e05d2999c2734cdf706210"
      }
    },
    {
      "identity" : "swift-cross-ui",
      "kind" : "remoteSourceControl",
      "location" : "https://github.com/stackotter/swift-cross-ui",
      "state" : {
        "branch" : "main",
        "revision" : "c72824ca7b8eec17eb78ba0493853908aa61bffa"
      }
    },
    {
      "identity" : "swift-cwinrt",
      "kind" : "remoteSourceControl",
      "location" : "https://github.com/thebrowsercompany/swift-cwinrt",
      "state" : {
        "branch" : "main",
        "revision" : "ad451d31fc7c1c60041c146d177cdaf5aaf1cf47"
      }
    },
    {
      "identity" : "swift-macro-toolkit",
      "kind" : "remoteSourceControl",
      "location" : "https://github.com/stackotter/swift-macro-toolkit",
      "state" : {
        "revision" : "687075e7bf976e121d083e922a07c7a9350ca85d",
        "version" : "0.4.0"
      }
    },
    {
      "identity" : "swift-syntax",
      "kind" : "remoteSourceControl",
      "location" : "https://github.com/apple/swift-syntax.git",
      "state" : {
        "revision" : "303e5c5c36d6a558407d364878df131c3546fad8",
        "version" : "510.0.2"
      }
    },
    {
      "identity" : "swift-uwp",
      "kind" : "remoteSourceControl",
      "location" : "https://github.com/thebrowsercompany/swift-uwp",
      "state" : {
        "branch" : "main",
        "revision" : "cfad0a43469211bf7eb58ed23af3d4a176faec07"
      }
    },
    {
      "identity" : "swift-windowsappsdk",
      "kind" : "remoteSourceControl",
      "location" : "https://github.com/thebrowsercompany/swift-windowsappsdk",
      "state" : {
        "branch" : "main",
        "revision" : "9706ffd7d96c680ed5544f88463bc4e39cd4546c"
      }
    },
    {
      "identity" : "swift-windowsfoundation",
      "kind" : "remoteSourceControl",
      "location" : "https://github.com/thebrowsercompany/swift-windowsfoundation",
      "state" : {
        "branch" : "main",
        "revision" : "ba7a8b5000ed3f9f077000d1a31f2a0b19907657"
      }
    },
    {
      "identity" : "swift-winui",
      "kind" : "remoteSourceControl",
      "location" : "https://github.com/thebrowsercompany/swift-winui",
      "state" : {
        "branch" : "main",
        "revision" : "41e7b0fd120fd68af1aa4a26080f63435e28b685"
      }
    },
    {
      "identity" : "swiftterm",
      "kind" : "remoteSourceControl",
      "location" : "https://github.com/migueldeicaza/SwiftTerm.git",
      "state" : {
        "revision" : "e2b431dbf73f775fb4807a33e4572ffd3dc6933a",
        "version" : "1.2.5"
      }
    },
    {
      "identity" : "termkit",
      "kind" : "remoteSourceControl",
      "location" : "https://github.com/stackotter/TermKit",
      "state" : {
        "revision" : "163afa64f1257a0c026cc83ed8bc47a5f8fc9704"
      }
    },
    {
      "identity" : "textbufferkit",
      "kind" : "remoteSourceControl",
      "location" : "https://github.com/migueldeicaza/TextBufferKit.git",
      "state" : {
        "revision" : "7f3ed5b1d7288de34ad853544d802647be11cfcf",
        "version" : "0.3.0"
      }
    }
  ],
  "version" : 3
}
